
Microsoft Visual Studio Solution File, Format Version 12.00
# Visual Studio Version 16
VisualStudioVersion = 16.0.29009.5
MinimumVisualStudioVersion = 10.0.40219.1
Project("{FAE04EC0-301F-11D3-BF4B-00C04F79EFBC}") = "Triangle_Vorm", "Triangle_Vorm\Triangle_Vorm.csproj", "{1F73D609-73C1-419D-B9C4-37A8C7F5CD1C}"
EndProject
Project("{2150E333-8FDC-42A3-9474-1A3956D46DE8}") = "Solution Items", "Solution Items", "{0A2BA9BE-9FE8-4E90-BF64-7E11E99A7A22}"
	ProjectSection(SolutionItems) = preProject
		Triangle.cs = Triangle.cs
	EndProjectSection
EndProject
Global
	GlobalSection(SolutionConfigurationPlatforms) = preSolution
		Debug|Any CPU = Debug|Any CPU
		Release|Any CPU = Release|Any CPU
	EndGlobalSection
	GlobalSection(ProjectConfigurationPlatforms) = postSolution
		{1F73D609-73C1-419D-B9C4-37A8C7F5CD1C}.Debug|Any CPU.ActiveCfg = Debug|Any CPU
		{1F73D609-73C1-419D-B9C4-37A8C7F5CD1C}.Debug|Any CPU.Build.0 = Debug|Any CPU
		{1F73D609-73C1-419D-B9C4-37A8C7F5CD1C}.Release|Any CPU.ActiveCfg = Release|Any CPU
		{1F73D609-73C1-419D-B9C4-37A8C7F5CD1C}.Release|Any CPU.Build.0 = Release|Any CPU
	EndGlobalSection
	GlobalSection(SolutionProperties) = preSolution
		HideSolutionNode = FALSE
	EndGlobalSection
	GlobalSection(ExtensibilityGlobals) = postSolution
		SolutionGuid = {7DDF1ED0-C310-4DE2-BA56-5115128AE34F}
	EndGlobalSection
EndGlobal
